
Microsoft Visual Studio Solution File, Format Version 12.00
# Visual Studio 15
VisualStudioVersion = 15.0.26730.12
MinimumVisualStudioVersion = 10.0.40219.1
Project("{FAE04EC0-301F-11D3-BF4B-00C04F79EFBC}") = "ch1_the_basics_advanced", "ch1_the_basics_advanced\ch1_the_basics_advanced.csproj", "{7AEFDC7B-454D-4855-96D1-1FF294C21CCC}"
EndProject
Global
	GlobalSection(SolutionConfigurationPlatforms) = preSolution
		Debug|Any CPU = Debug|Any CPU
		Release|Any CPU = Release|Any CPU
	EndGlobalSection
	GlobalSection(ProjectConfigurationPlatforms) = postSolution
		{7AEFDC7B-454D-4855-96D1-1FF294C21CCC}.Debug|Any CPU.ActiveCfg = Debug|Any CPU
		{7AEFDC7B-454D-4855-96D1-1FF294C21CCC}.Debug|Any CPU.Build.0 = Debug|Any CPU
		{7AEFDC7B-454D-4855-96D1-1FF294C21CCC}.Release|Any CPU.ActiveCfg = Release|Any CPU
		{7AEFDC7B-454D-4855-96D1-1FF294C21CCC}.Release|Any CPU.Build.0 = Release|Any CPU
	EndGlobalSection
	GlobalSection(SolutionProperties) = preSolution
		HideSolutionNode = FALSE
	EndGlobalSection
	GlobalSection(ExtensibilityGlobals) = postSolution
		SolutionGuid = {2DA7FC52-FE8D-4CE1-8BFB-8146A030C194}
	EndGlobalSection
EndGlobal
